// !$*UTF8*$!
{
	archiveVersion = 1;
	classes = {
	};
	objectVersion = 56;
	objects = {

/* Begin PBXBuildFile section */
		F8141E0B2B1F568C00DC7564 /* AleloApp.swift in Sources */ = {isa = PBXBuildFile; fileRef = F8141E0A2B1F568C00DC7564 /* AleloApp.swift */; };
		F8141E0D2B1F568C00DC7564 /* ContentView.swift in Sources */ = {isa = PBXBuildFile; fileRef = F8141E0C2B1F568C00DC7564 /* ContentView.swift */; };
		F8141E0F2B1F568D00DC7564 /* Assets.xcassets in Resources */ = {isa = PBXBuildFile; fileRef = F8141E0E2B1F568D00DC7564 /* Assets.xcassets */; };
		F8141E122B1F568D00DC7564 /* Preview Assets.xcassets in Resources */ = {isa = PBXBuildFile; fileRef = F8141E112B1F568D00DC7564 /* Preview Assets.xcassets */; };
		F8141E1C2B1F568D00DC7564 /* AleloTests.swift in Sources */ = {isa = PBXBuildFile; fileRef = F8141E1B2B1F568D00DC7564 /* AleloTests.swift */; };
		F8141E262B1F568D00DC7564 /* AleloUITests.swift in Sources */ = {isa = PBXBuildFile; fileRef = F8141E252B1F568D00DC7564 /* AleloUITests.swift */; };
		F8141E282B1F568D00DC7564 /* AleloUITestsLaunchTests.swift in Sources */ = {isa = PBXBuildFile; fileRef = F8141E272B1F568D00DC7564 /* AleloUITestsLaunchTests.swift */; };
		F8141E362B1F5ADF00DC7564 /* Coordinator.swift in Sources */ = {isa = PBXBuildFile; fileRef = F8141E352B1F5ADF00DC7564 /* Coordinator.swift */; };
		F8141E382B1F5B0800DC7564 /* CoordinatorViewModel.swift in Sources */ = {isa = PBXBuildFile; fileRef = F8141E372B1F5B0800DC7564 /* CoordinatorViewModel.swift */; };
		F8141E3A2B1F5B4500DC7564 /* CoordinatorView.swift in Sources */ = {isa = PBXBuildFile; fileRef = F8141E392B1F5B4500DC7564 /* CoordinatorView.swift */; };
		F8141E422B1F5C4F00DC7564 /* Product.swift in Sources */ = {isa = PBXBuildFile; fileRef = F8141E412B1F5C4F00DC7564 /* Product.swift */; };
		F8141E442B1F5CBA00DC7564 /* HomeView.swift in Sources */ = {isa = PBXBuildFile; fileRef = F8141E432B1F5CBA00DC7564 /* HomeView.swift */; };
		F8141E462B1F5CE700DC7564 /* HomeManager.swift in Sources */ = {isa = PBXBuildFile; fileRef = F8141E452B1F5CE700DC7564 /* HomeManager.swift */; };
		F8141E482B1F5D0300DC7564 /* HomeViewModel.swift in Sources */ = {isa = PBXBuildFile; fileRef = F8141E472B1F5D0300DC7564 /* HomeViewModel.swift */; };
		F8141E4A2B1F5D3B00DC7564 /* Filter.swift in Sources */ = {isa = PBXBuildFile; fileRef = F8141E492B1F5D3B00DC7564 /* Filter.swift */; };
		F8141E4D2B1F5DAA00DC7564 /* Service.swift in Sources */ = {isa = PBXBuildFile; fileRef = F8141E4C2B1F5DAA00DC7564 /* Service.swift */; };
		F8141E502B1F5E0B00DC7564 /* Constants.swift in Sources */ = {isa = PBXBuildFile; fileRef = F8141E4F2B1F5E0B00DC7564 /* Constants.swift */; };
		F8141E532B1F5E5D00DC7564 /* NetworkErrors.swift in Sources */ = {isa = PBXBuildFile; fileRef = F8141E522B1F5E5D00DC7564 /* NetworkErrors.swift */; };
/* End PBXBuildFile section */

/* Begin PBXContainerItemProxy section */
		F8141E182B1F568D00DC7564 /* PBXContainerItemProxy */ = {
			isa = PBXContainerItemProxy;
			containerPortal = F8141DFF2B1F568C00DC7564 /* Project object */;
			proxyType = 1;
			remoteGlobalIDString = F8141E062B1F568C00DC7564;
			remoteInfo = Alelo;
		};
		F8141E222B1F568D00DC7564 /* PBXContainerItemProxy */ = {
			isa = PBXContainerItemProxy;
			containerPortal = F8141DFF2B1F568C00DC7564 /* Project object */;
			proxyType = 1;
			remoteGlobalIDString = F8141E062B1F568C00DC7564;
			remoteInfo = Alelo;
		};
/* End PBXContainerItemProxy section */

/* Begin PBXFileReference section */
		F8141E072B1F568C00DC7564 /* Alelo.app */ = {isa = PBXFileReference; explicitFileType = wrapper.application; includeInIndex = 0; path = Alelo.app; sourceTree = BUILT_PRODUCTS_DIR; };
		F8141E0A2B1F568C00DC7564 /* AleloApp.swift */ = {isa = PBXFileReference; lastKnownFileType = sourcecode.swift; path = AleloApp.swift; sourceTree = "<group>"; };
		F8141E0C2B1F568C00DC7564 /* ContentView.swift */ = {isa = PBXFileReference; lastKnownFileType = sourcecode.swift; path = ContentView.swift; sourceTree = "<group>"; };
		F8141E0E2B1F568D00DC7564 /* Assets.xcassets */ = {isa = PBXFileReference; lastKnownFileType = folder.assetcatalog; path = Assets.xcassets; sourceTree = "<group>"; };
		F8141E112B1F568D00DC7564 /* Preview Assets.xcassets */ = {isa = PBXFileReference; lastKnownFileType = folder.assetcatalog; path = "Preview Assets.xcassets"; sourceTree = "<group>"; };
		F8141E172B1F568D00DC7564 /* AleloTests.xctest */ = {isa = PBXFileReference; explicitFileType = wrapper.cfbundle; includeInIndex = 0; path = AleloTests.xctest; sourceTree = BUILT_PRODUCTS_DIR; };
		F8141E1B2B1F568D00DC7564 /* AleloTests.swift */ = {isa = PBXFileReference; lastKnownFileType = sourcecode.swift; path = AleloTests.swift; sourceTree = "<group>"; };
		F8141E212B1F568D00DC7564 /* AleloUITests.xctest */ = {isa = PBXFileReference; explicitFileType = wrapper.cfbundle; includeInIndex = 0; path = AleloUITests.xctest; sourceTree = BUILT_PRODUCTS_DIR; };
		F8141E252B1F568D00DC7564 /* AleloUITests.swift */ = {isa = PBXFileReference; lastKnownFileType = sourcecode.swift; path = AleloUITests.swift; sourceTree = "<group>"; };
		F8141E272B1F568D00DC7564 /* AleloUITestsLaunchTests.swift */ = {isa = PBXFileReference; lastKnownFileType = sourcecode.swift; path = AleloUITestsLaunchTests.swift; sourceTree = "<group>"; };
		F8141E352B1F5ADF00DC7564 /* Coordinator.swift */ = {isa = PBXFileReference; lastKnownFileType = sourcecode.swift; path = Coordinator.swift; sourceTree = "<group>"; };
		F8141E372B1F5B0800DC7564 /* CoordinatorViewModel.swift */ = {isa = PBXFileReference; lastKnownFileType = sourcecode.swift; path = CoordinatorViewModel.swift; sourceTree = "<group>"; };
		F8141E392B1F5B4500DC7564 /* CoordinatorView.swift */ = {isa = PBXFileReference; lastKnownFileType = sourcecode.swift; path = CoordinatorView.swift; sourceTree = "<group>"; };
		F8141E412B1F5C4F00DC7564 /* Product.swift */ = {isa = PBXFileReference; lastKnownFileType = sourcecode.swift; path = Product.swift; sourceTree = "<group>"; };
		F8141E432B1F5CBA00DC7564 /* HomeView.swift */ = {isa = PBXFileReference; lastKnownFileType = sourcecode.swift; path = HomeView.swift; sourceTree = "<group>"; };
		F8141E452B1F5CE700DC7564 /* HomeManager.swift */ = {isa = PBXFileReference; lastKnownFileType = sourcecode.swift; path = HomeManager.swift; sourceTree = "<group>"; };
		F8141E472B1F5D0300DC7564 /* HomeViewModel.swift */ = {isa = PBXFileReference; lastKnownFileType = sourcecode.swift; path = HomeViewModel.swift; sourceTree = "<group>"; };
		F8141E492B1F5D3B00DC7564 /* Filter.swift */ = {isa = PBXFileReference; lastKnownFileType = sourcecode.swift; path = Filter.swift; sourceTree = "<group>"; };
		F8141E4C2B1F5DAA00DC7564 /* Service.swift */ = {isa = PBXFileReference; lastKnownFileType = sourcecode.swift; path = Service.swift; sourceTree = "<group>"; };
		F8141E4F2B1F5E0B00DC7564 /* Constants.swift */ = {isa = PBXFileReference; lastKnownFileType = sourcecode.swift; path = Constants.swift; sourceTree = "<group>"; };
		F8141E522B1F5E5D00DC7564 /* NetworkErrors.swift */ = {isa = PBXFileReference; lastKnownFileType = sourcecode.swift; path = NetworkErrors.swift; sourceTree = "<group>"; };
/* End PBXFileReference section */

/* Begin PBXFrameworksBuildPhase section */
		F8141E042B1F568C00DC7564 /* Frameworks */ = {
			isa = PBXFrameworksBuildPhase;
			buildActionMask = 2147483647;
			files = (
			);
			runOnlyForDeploymentPostprocessing = 0;
		};
		F8141E142B1F568D00DC7564 /* Frameworks */ = {
			isa = PBXFrameworksBuildPhase;
			buildActionMask = 2147483647;
			files = (
			);
			runOnlyForDeploymentPostprocessing = 0;
		};
		F8141E1E2B1F568D00DC7564 /* Frameworks */ = {
			isa = PBXFrameworksBuildPhase;
			buildActionMask = 2147483647;
			files = (
			);
			runOnlyForDeploymentPostprocessing = 0;
		};
/* End PBXFrameworksBuildPhase section */

/* Begin PBXGroup section */
		F8141DFE2B1F568C00DC7564 = {
			isa = PBXGroup;
			children = (
				F8141E092B1F568C00DC7564 /* Alelo */,
				F8141E1A2B1F568D00DC7564 /* AleloTests */,
				F8141E242B1F568D00DC7564 /* AleloUITests */,
				F8141E082B1F568C00DC7564 /* Products */,
			);
			sourceTree = "<group>";
		};
		F8141E082B1F568C00DC7564 /* Products */ = {
			isa = PBXGroup;
			children = (
				F8141E072B1F568C00DC7564 /* Alelo.app */,
				F8141E172B1F568D00DC7564 /* AleloTests.xctest */,
				F8141E212B1F568D00DC7564 /* AleloUITests.xctest */,
			);
			name = Products;
			sourceTree = "<group>";
		};
		F8141E092B1F568C00DC7564 /* Alelo */ = {
			isa = PBXGroup;
			children = (
				F8141E4E2B1F5DFD00DC7564 /* Constants */,
				F8141E4B2B1F5D9900DC7564 /* Service */,
				F8141E3B2B1F5BC300DC7564 /* Core */,
				F8141E342B1F5AC600DC7564 /* Coordinator */,
				F8141E0A2B1F568C00DC7564 /* AleloApp.swift */,
				F8141E0C2B1F568C00DC7564 /* ContentView.swift */,
				F8141E0E2B1F568D00DC7564 /* Assets.xcassets */,
				F8141E102B1F568D00DC7564 /* Preview Content */,
			);
			path = Alelo;
			sourceTree = "<group>";
		};
		F8141E102B1F568D00DC7564 /* Preview Content */ = {
			isa = PBXGroup;
			children = (
				F8141E112B1F568D00DC7564 /* Preview Assets.xcassets */,
			);
			path = "Preview Content";
			sourceTree = "<group>";
		};
		F8141E1A2B1F568D00DC7564 /* AleloTests */ = {
			isa = PBXGroup;
			children = (
				F8141E1B2B1F568D00DC7564 /* AleloTests.swift */,
			);
			path = AleloTests;
			sourceTree = "<group>";
		};
		F8141E242B1F568D00DC7564 /* AleloUITests */ = {
			isa = PBXGroup;
			children = (
				F8141E252B1F568D00DC7564 /* AleloUITests.swift */,
				F8141E272B1F568D00DC7564 /* AleloUITestsLaunchTests.swift */,
			);
			path = AleloUITests;
			sourceTree = "<group>";
		};
		F8141E342B1F5AC600DC7564 /* Coordinator */ = {
			isa = PBXGroup;
			children = (
				F8141E352B1F5ADF00DC7564 /* Coordinator.swift */,
				F8141E372B1F5B0800DC7564 /* CoordinatorViewModel.swift */,
				F8141E392B1F5B4500DC7564 /* CoordinatorView.swift */,
			);
			path = Coordinator;
			sourceTree = "<group>";
		};
		F8141E3B2B1F5BC300DC7564 /* Core */ = {
			isa = PBXGroup;
			children = (
				F8141E3C2B1F5BC700DC7564 /* Home */,
			);
			path = Core;
			sourceTree = "<group>";
		};
		F8141E3C2B1F5BC700DC7564 /* Home */ = {
			isa = PBXGroup;
			children = (
				F8141E402B1F5BEF00DC7564 /* View */,
				F8141E3F2B1F5BE700DC7564 /* Model */,
				F8141E3E2B1F5BD400DC7564 /* Manager */,
				F8141E3D2B1F5BCE00DC7564 /* ViewModel */,
			);
			path = Home;
			sourceTree = "<group>";
		};
		F8141E3D2B1F5BCE00DC7564 /* ViewModel */ = {
			isa = PBXGroup;
			children = (
				F8141E472B1F5D0300DC7564 /* HomeViewModel.swift */,
			);
			path = ViewModel;
			sourceTree = "<group>";
		};
		F8141E3E2B1F5BD400DC7564 /* Manager */ = {
			isa = PBXGroup;
			children = (
				F8141E452B1F5CE700DC7564 /* HomeManager.swift */,
			);
			path = Manager;
			sourceTree = "<group>";
		};
		F8141E3F2B1F5BE700DC7564 /* Model */ = {
			isa = PBXGroup;
			children = (
				F8141E412B1F5C4F00DC7564 /* Product.swift */,
				F8141E492B1F5D3B00DC7564 /* Filter.swift */,
			);
			path = Model;
			sourceTree = "<group>";
		};
		F8141E402B1F5BEF00DC7564 /* View */ = {
			isa = PBXGroup;
			children = (
				F8141E432B1F5CBA00DC7564 /* HomeView.swift */,
			);
			path = View;
			sourceTree = "<group>";
		};
		F8141E4B2B1F5D9900DC7564 /* Service */ = {
			isa = PBXGroup;
			children = (
				F8141E4C2B1F5DAA00DC7564 /* Service.swift */,
			);
			path = Service;
			sourceTree = "<group>";
		};
		F8141E4E2B1F5DFD00DC7564 /* Constants */ = {
			isa = PBXGroup;
			children = (
				F8141E4F2B1F5E0B00DC7564 /* Constants.swift */,
				F8141E522B1F5E5D00DC7564 /* NetworkErrors.swift */,
			);
			path = Constants;
			sourceTree = "<group>";
		};
/* End PBXGroup section */

/* Begin PBXNativeTarget section */
		F8141E062B1F568C00DC7564 /* Alelo */ = {
			isa = PBXNativeTarget;
			buildConfigurationList = F8141E2B2B1F568D00DC7564 /* Build configuration list for PBXNativeTarget "Alelo" */;
			buildPhases = (
				F8141E032B1F568C00DC7564 /* Sources */,
				F8141E042B1F568C00DC7564 /* Frameworks */,
				F8141E052B1F568C00DC7564 /* Resources */,
			);
			buildRules = (
			);
			dependencies = (
			);
			name = Alelo;
			productName = Alelo;
			productReference = F8141E072B1F568C00DC7564 /* Alelo.app */;
			productType = "com.apple.product-type.application";
		};
		F8141E162B1F568D00DC7564 /* AleloTests */ = {
			isa = PBXNativeTarget;
			buildConfigurationList = F8141E2E2B1F568D00DC7564 /* Build configuration list for PBXNativeTarget "AleloTests" */;
			buildPhases = (
				F8141E132B1F568D00DC7564 /* Sources */,
				F8141E142B1F568D00DC7564 /* Frameworks */,
				F8141E152B1F568D00DC7564 /* Resources */,
			);
			buildRules = (
			);
			dependencies = (
				F8141E192B1F568D00DC7564 /* PBXTargetDependency */,
			);
			name = AleloTests;
			productName = AleloTests;
			productReference = F8141E172B1F568D00DC7564 /* AleloTests.xctest */;
			productType = "com.apple.product-type.bundle.unit-test";
		};
		F8141E202B1F568D00DC7564 /* AleloUITests */ = {
			isa = PBXNativeTarget;
			buildConfigurationList = F8141E312B1F568D00DC7564 /* Build configuration list for PBXNativeTarget "AleloUITests" */;
			buildPhases = (
				F8141E1D2B1F568D00DC7564 /* Sources */,
				F8141E1E2B1F568D00DC7564 /* Frameworks */,
				F8141E1F2B1F568D00DC7564 /* Resources */,
			);
			buildRules = (
			);
			dependencies = (
				F8141E232B1F568D00DC7564 /* PBXTargetDependency */,
			);
			name = AleloUITests;
			productName = AleloUITests;
			productReference = F8141E212B1F568D00DC7564 /* AleloUITests.xctest */;
			productType = "com.apple.product-type.bundle.ui-testing";
		};
/* End PBXNativeTarget section */

/* Begin PBXProject section */
		F8141DFF2B1F568C00DC7564 /* Project object */ = {
			isa = PBXProject;
			attributes = {
				BuildIndependentTargetsInParallel = 1;
				LastSwiftUpdateCheck = 1420;
				LastUpgradeCheck = 1420;
				TargetAttributes = {
					F8141E062B1F568C00DC7564 = {
						CreatedOnToolsVersion = 14.2;
					};
					F8141E162B1F568D00DC7564 = {
						CreatedOnToolsVersion = 14.2;
						TestTargetID = F8141E062B1F568C00DC7564;
					};
					F8141E202B1F568D00DC7564 = {
						CreatedOnToolsVersion = 14.2;
						TestTargetID = F8141E062B1F568C00DC7564;
					};
				};
			};
			buildConfigurationList = F8141E022B1F568C00DC7564 /* Build configuration list for PBXProject "Alelo" */;
			compatibilityVersion = "Xcode 14.0";
			developmentRegion = en;
			hasScannedForEncodings = 0;
			knownRegions = (
				en,
				Base,
			);
			mainGroup = F8141DFE2B1F568C00DC7564;
			productRefGroup = F8141E082B1F568C00DC7564 /* Products */;
			projectDirPath = "";
			projectRoot = "";
			targets = (
				F8141E062B1F568C00DC7564 /* Alelo */,
				F8141E162B1F568D00DC7564 /* AleloTests */,
				F8141E202B1F568D00DC7564 /* AleloUITests */,
			);
		};
/* End PBXProject section */

/* Begin PBXResourcesBuildPhase section */
		F8141E052B1F568C00DC7564 /* Resources */ = {
			isa = PBXResourcesBuildPhase;
			buildActionMask = 2147483647;
			files = (
				F8141E122B1F568D00DC7564 /* Preview Assets.xcassets in Resources */,
				F8141E0F2B1F568D00DC7564 /* Assets.xcassets in Resources */,
			);
			runOnlyForDeploymentPostprocessing = 0;
		};
		F8141E152B1F568D00DC7564 /* Resources */ = {
			isa = PBXResourcesBuildPhase;
			buildActionMask = 2147483647;
			files = (
			);
			runOnlyForDeploymentPostprocessing = 0;
		};
		F8141E1F2B1F568D00DC7564 /* Resources */ = {
			isa = PBXResourcesBuildPhase;
			buildActionMask = 2147483647;
			files = (
			);
			runOnlyForDeploymentPostprocessing = 0;
		};
/* End PBXResourcesBuildPhase section */

/* Begin PBXSourcesBuildPhase section */
		F8141E032B1F568C00DC7564 /* Sources */ = {
			isa = PBXSourcesBuildPhase;
			buildActionMask = 2147483647;
			files = (
				F8141E462B1F5CE700DC7564 /* HomeManager.swift in Sources */,
				F8141E4A2B1F5D3B00DC7564 /* Filter.swift in Sources */,
				F8141E482B1F5D0300DC7564 /* HomeViewModel.swift in Sources */,
				F8141E0D2B1F568C00DC7564 /* ContentView.swift in Sources */,
				F8141E442B1F5CBA00DC7564 /* HomeView.swift in Sources */,
				F8141E3A2B1F5B4500DC7564 /* CoordinatorView.swift in Sources */,
				F8141E382B1F5B0800DC7564 /* CoordinatorViewModel.swift in Sources */,
				F8141E532B1F5E5D00DC7564 /* NetworkErrors.swift in Sources */,
				F8141E0B2B1F568C00DC7564 /* AleloApp.swift in Sources */,
				F8141E362B1F5ADF00DC7564 /* Coordinator.swift in Sources */,
				F8141E422B1F5C4F00DC7564 /* Product.swift in Sources */,
				F8141E4D2B1F5DAA00DC7564 /* Service.swift in Sources */,
				F8141E502B1F5E0B00DC7564 /* Constants.swift in Sources */,
			);
			runOnlyForDeploymentPostprocessing = 0;
		};
		F8141E132B1F568D00DC7564 /* Sources */ = {
			isa = PBXSourcesBuildPhase;
			buildActionMask = 2147483647;
			files = (
				F8141E1C2B1F568D00DC7564 /* AleloTests.swift in Sources */,
			);
			runOnlyForDeploymentPostprocessing = 0;
		};
		F8141E1D2B1F568D00DC7564 /* Sources */ = {
			isa = PBXSourcesBuildPhase;
			buildActionMask = 2147483647;
			files = (
				F8141E282B1F568D00DC7564 /* AleloUITestsLaunchTests.swift in Sources */,
				F8141E262B1F568D00DC7564 /* AleloUITests.swift in Sources */,
			);
			runOnlyForDeploymentPostprocessing = 0;
		};
/* End PBXSourcesBuildPhase section */

/* Begin PBXTargetDependency section */
		F8141E192B1F568D00DC7564 /* PBXTargetDependency */ = {
			isa = PBXTargetDependency;
			target = F8141E062B1F568C00DC7564 /* Alelo */;
			targetProxy = F8141E182B1F568D00DC7564 /* PBXContainerItemProxy */;
		};
		F8141E232B1F568D00DC7564 /* PBXTargetDependency */ = {
			isa = PBXTargetDependency;
			target = F8141E062B1F568C00DC7564 /* Alelo */;
			targetProxy = F8141E222B1F568D00DC7564 /* PBXContainerItemProxy */;
		};
/* End PBXTargetDependency section */

/* Begin XCBuildConfiguration section */
		F8141E292B1F568D00DC7564 /* Debug */ = {
			isa = XCBuildConfiguration;
			buildSettings = {
				ALWAYS_SEARCH_USER_PATHS = NO;
				CLANG_ANALYZER_NONNULL = YES;
				CLANG_ANALYZER_NUMBER_OBJECT_CONVERSION = YES_AGGRESSIVE;
				CLANG_CXX_LANGUAGE_STANDARD = "gnu++20";
				CLANG_ENABLE_MODULES = YES;
				CLANG_ENABLE_OBJC_ARC = YES;
				CLANG_ENABLE_OBJC_WEAK = YES;
				CLANG_WARN_BLOCK_CAPTURE_AUTORELEASING = YES;
				CLANG_WARN_BOOL_CONVERSION = YES;
				CLANG_WARN_COMMA = YES;
				CLANG_WARN_CONSTANT_CONVERSION = YES;
				CLANG_WARN_DEPRECATED_OBJC_IMPLEMENTATIONS = YES;
				CLANG_WARN_DIRECT_OBJC_ISA_USAGE = YES_ERROR;
				CLANG_WARN_DOCUMENTATION_COMMENTS = YES;
				CLANG_WARN_EMPTY_BODY = YES;
				CLANG_WARN_ENUM_CONVERSION = YES;
				CLANG_WARN_INFINITE_RECURSION = YES;
				CLANG_WARN_INT_CONVERSION = YES;
				CLANG_WARN_NON_LITERAL_NULL_CONVERSION = YES;
				CLANG_WARN_OBJC_IMPLICIT_RETAIN_SELF = YES;
				CLANG_WARN_OBJC_LITERAL_CONVERSION = YES;
				CLANG_WARN_OBJC_ROOT_CLASS = YES_ERROR;
				CLANG_WARN_QUOTED_INCLUDE_IN_FRAMEWORK_HEADER = YES;
				CLANG_WARN_RANGE_LOOP_ANALYSIS = YES;
				CLANG_WARN_STRICT_PROTOTYPES = YES;
				CLANG_WARN_SUSPICIOUS_MOVE = YES;
				CLANG_WARN_UNGUARDED_AVAILABILITY = YES_AGGRESSIVE;
				CLANG_WARN_UNREACHABLE_CODE = YES;
				CLANG_WARN__DUPLICATE_METHOD_MATCH = YES;
				COPY_PHASE_STRIP = NO;
				DEBUG_INFORMATION_FORMAT = dwarf;
				ENABLE_STRICT_OBJC_MSGSEND = YES;
				ENABLE_TESTABILITY = YES;
				GCC_C_LANGUAGE_STANDARD = gnu11;
				GCC_DYNAMIC_NO_PIC = NO;
				GCC_NO_COMMON_BLOCKS = YES;
				GCC_OPTIMIZATION_LEVEL = 0;
				GCC_PREPROCESSOR_DEFINITIONS = (
					"DEBUG=1",
					"$(inherited)",
				);
				GCC_WARN_64_TO_32_BIT_CONVERSION = YES;
				GCC_WARN_ABOUT_RETURN_TYPE = YES_ERROR;
				GCC_WARN_UNDECLARED_SELECTOR = YES;
				GCC_WARN_UNINITIALIZED_AUTOS = YES_AGGRESSIVE;
				GCC_WARN_UNUSED_FUNCTION = YES;
				GCC_WARN_UNUSED_VARIABLE = YES;
				IPHONEOS_DEPLOYMENT_TARGET = 16.2;
				MTL_ENABLE_DEBUG_INFO = INCLUDE_SOURCE;
				MTL_FAST_MATH = YES;
				ONLY_ACTIVE_ARCH = YES;
				SDKROOT = iphoneos;
				SWIFT_ACTIVE_COMPILATION_CONDITIONS = DEBUG;
				SWIFT_OPTIMIZATION_LEVEL = "-Onone";
			};
			name = Debug;
		};
		F8141E2A2B1F568D00DC7564 /* Release */ = {
			isa = XCBuildConfiguration;
			buildSettings = {
				ALWAYS_SEARCH_USER_PATHS = NO;
				CLANG_ANALYZER_NONNULL = YES;
				CLANG_ANALYZER_NUMBER_OBJECT_CONVERSION = YES_AGGRESSIVE;
				CLANG_CXX_LANGUAGE_STANDARD = "gnu++20";
				CLANG_ENABLE_MODULES = YES;
				CLANG_ENABLE_OBJC_ARC = YES;
				CLANG_ENABLE_OBJC_WEAK = YES;
				CLANG_WARN_BLOCK_CAPTURE_AUTORELEASING = YES;
				CLANG_WARN_BOOL_CONVERSION = YES;
				CLANG_WARN_COMMA = YES;
				CLANG_WARN_CONSTANT_CONVERSION = YES;
				CLANG_WARN_DEPRECATED_OBJC_IMPLEMENTATIONS = YES;
				CLANG_WARN_DIRECT_OBJC_ISA_USAGE = YES_ERROR;
				CLANG_WARN_DOCUMENTATION_COMMENTS = YES;
				CLANG_WARN_EMPTY_BODY = YES;
				CLANG_WARN_ENUM_CONVERSION = YES;
				CLANG_WARN_INFINITE_RECURSION = YES;
				CLANG_WARN_INT_CONVERSION = YES;
				CLANG_WARN_NON_LITERAL_NULL_CONVERSION = YES;
				CLANG_WARN_OBJC_IMPLICIT_RETAIN_SELF = YES;
				CLANG_WARN_OBJC_LITERAL_CONVERSION = YES;
				CLANG_WARN_OBJC_ROOT_CLASS = YES_ERROR;
				CLANG_WARN_QUOTED_INCLUDE_IN_FRAMEWORK_HEADER = YES;
				CLANG_WARN_RANGE_LOOP_ANALYSIS = YES;
				CLANG_WARN_STRICT_PROTOTYPES = YES;
				CLANG_WARN_SUSPICIOUS_MOVE = YES;
				CLANG_WARN_UNGUARDED_AVAILABILITY = YES_AGGRESSIVE;
				CLANG_WARN_UNREACHABLE_CODE = YES;
				CLANG_WARN__DUPLICATE_METHOD_MATCH = YES;
				COPY_PHASE_STRIP = NO;
				DEBUG_INFORMATION_FORMAT = "dwarf-with-dsym";
				ENABLE_NS_ASSERTIONS = NO;
				ENABLE_STRICT_OBJC_MSGSEND = YES;
				GCC_C_LANGUAGE_STANDARD = gnu11;
				GCC_NO_COMMON_BLOCKS = YES;
				GCC_WARN_64_TO_32_BIT_CONVERSION = YES;
				GCC_WARN_ABOUT_RETURN_TYPE = YES_ERROR;
				GCC_WARN_UNDECLARED_SELECTOR = YES;
				GCC_WARN_UNINITIALIZED_AUTOS = YES_AGGRESSIVE;
				GCC_WARN_UNUSED_FUNCTION = YES;
				GCC_WARN_UNUSED_VARIABLE = YES;
				IPHONEOS_DEPLOYMENT_TARGET = 16.2;
				MTL_ENABLE_DEBUG_INFO = NO;
				MTL_FAST_MATH = YES;
				SDKROOT = iphoneos;
				SWIFT_COMPILATION_MODE = wholemodule;
				SWIFT_OPTIMIZATION_LEVEL = "-O";
				VALIDATE_PRODUCT = YES;
			};
			name = Release;
		};
		F8141E2C2B1F568D00DC7564 /* Debug */ = {
			isa = XCBuildConfiguration;
			buildSettings = {
				ASSETCATALOG_COMPILER_APPICON_NAME = AppIcon;
				ASSETCATALOG_COMPILER_GLOBAL_ACCENT_COLOR_NAME = AccentColor;
				CODE_SIGN_STYLE = Automatic;
				CURRENT_PROJECT_VERSION = 1;
				DEVELOPMENT_ASSET_PATHS = "\"Alelo/Preview Content\"";
				ENABLE_PREVIEWS = YES;
				GENERATE_INFOPLIST_FILE = YES;
				INFOPLIST_KEY_UIApplicationSceneManifest_Generation = YES;
				INFOPLIST_KEY_UIApplicationSupportsIndirectInputEvents = YES;
				INFOPLIST_KEY_UILaunchScreen_Generation = YES;
				INFOPLIST_KEY_UISupportedInterfaceOrientations_iPad = "UIInterfaceOrientationPortrait UIInterfaceOrientationPortraitUpsideDown UIInterfaceOrientationLandscapeLeft UIInterfaceOrientationLandscapeRight";
				INFOPLIST_KEY_UISupportedInterfaceOrientations_iPhone = "UIInterfaceOrientationPortrait UIInterfaceOrientationLandscapeLeft UIInterfaceOrientationLandscapeRight";
				LD_RUNPATH_SEARCH_PATHS = (
					"$(inherited)",
					"@executable_path/Frameworks",
				);
				MARKETING_VERSION = 1.0;
				PRODUCT_BUNDLE_IDENTIFIER = com.nikolas.Alelo;
				PRODUCT_NAME = "$(TARGET_NAME)";
				SWIFT_EMIT_LOC_STRINGS = YES;
				SWIFT_VERSION = 5.0;
				TARGETED_DEVICE_FAMILY = "1,2";
			};
			name = Debug;
		};
		F8141E2D2B1F568D00DC7564 /* Release */ = {
			isa = XCBuildConfiguration;
			buildSettings = {
				ASSETCATALOG_COMPILER_APPICON_NAME = AppIcon;
				ASSETCATALOG_COMPILER_GLOBAL_ACCENT_COLOR_NAME = AccentColor;
				CODE_SIGN_STYLE = Automatic;
				CURRENT_PROJECT_VERSION = 1;
				DEVELOPMENT_ASSET_PATHS = "\"Alelo/Preview Content\"";
				ENABLE_PREVIEWS = YES;
				GENERATE_INFOPLIST_FILE = YES;
				INFOPLIST_KEY_UIApplicationSceneManifest_Generation = YES;
				INFOPLIST_KEY_UIApplicationSupportsIndirectInputEvents = YES;
				INFOPLIST_KEY_UILaunchScreen_Generation = YES;
				INFOPLIST_KEY_UISupportedInterfaceOrientations_iPad = "UIInterfaceOrientationPortrait UIInterfaceOrientationPortraitUpsideDown UIInterfaceOrientationLandscapeLeft UIInterfaceOrientationLandscapeRight";
				INFOPLIST_KEY_UISupportedInterfaceOrientations_iPhone = "UIInterfaceOrientationPortrait UIInterfaceOrientationLandscapeLeft UIInterfaceOrientationLandscapeRight";
				LD_RUNPATH_SEARCH_PATHS = (
					"$(inherited)",
					"@executable_path/Frameworks",
				);
				MARKETING_VERSION = 1.0;
				PRODUCT_BUNDLE_IDENTIFIER = com.nikolas.Alelo;
				PRODUCT_NAME = "$(TARGET_NAME)";
				SWIFT_EMIT_LOC_STRINGS = YES;
				SWIFT_VERSION = 5.0;
				TARGETED_DEVICE_FAMILY = "1,2";
			};
			name = Release;
		};
		F8141E2F2B1F568D00DC7564 /* Debug */ = {
			isa = XCBuildConfiguration;
			buildSettings = {
				ALWAYS_EMBED_SWIFT_STANDARD_LIBRARIES = YES;
				BUNDLE_LOADER = "$(TEST_HOST)";
				CODE_SIGN_STYLE = Automatic;
				CURRENT_PROJECT_VERSION = 1;
				GENERATE_INFOPLIST_FILE = YES;
				IPHONEOS_DEPLOYMENT_TARGET = 16.2;
				MARKETING_VERSION = 1.0;
				PRODUCT_BUNDLE_IDENTIFIER = com.nikolas.AleloTests;
				PRODUCT_NAME = "$(TARGET_NAME)";
				SWIFT_EMIT_LOC_STRINGS = NO;
				SWIFT_VERSION = 5.0;
				TARGETED_DEVICE_FAMILY = "1,2";
				TEST_HOST = "$(BUILT_PRODUCTS_DIR)/Alelo.app/$(BUNDLE_EXECUTABLE_FOLDER_PATH)/Alelo";
			};
			name = Debug;
		};
		F8141E302B1F568D00DC7564 /* Release */ = {
			isa = XCBuildConfiguration;
			buildSettings = {
				ALWAYS_EMBED_SWIFT_STANDARD_LIBRARIES = YES;
				BUNDLE_LOADER = "$(TEST_HOST)";
				CODE_SIGN_STYLE = Automatic;
				CURRENT_PROJECT_VERSION = 1;
				GENERATE_INFOPLIST_FILE = YES;
				IPHONEOS_DEPLOYMENT_TARGET = 16.2;
				MARKETING_VERSION = 1.0;
				PRODUCT_BUNDLE_IDENTIFIER = com.nikolas.AleloTests;
				PRODUCT_NAME = "$(TARGET_NAME)";
				SWIFT_EMIT_LOC_STRINGS = NO;
				SWIFT_VERSION = 5.0;
				TARGETED_DEVICE_FAMILY = "1,2";
				TEST_HOST = "$(BUILT_PRODUCTS_DIR)/Alelo.app/$(BUNDLE_EXECUTABLE_FOLDER_PATH)/Alelo";
			};
			name = Release;
		};
		F8141E322B1F568D00DC7564 /* Debug */ = {
			isa = XCBuildConfiguration;
			buildSettings = {
				ALWAYS_EMBED_SWIFT_STANDARD_LIBRARIES = YES;
				CODE_SIGN_STYLE = Automatic;
				CURRENT_PROJECT_VERSION = 1;
				GENERATE_INFOPLIST_FILE = YES;
				MARKETING_VERSION = 1.0;
				PRODUCT_BUNDLE_IDENTIFIER = com.nikolas.AleloUITests;
				PRODUCT_NAME = "$(TARGET_NAME)";
				SWIFT_EMIT_LOC_STRINGS = NO;
				SWIFT_VERSION = 5.0;
				TARGETED_DEVICE_FAMILY = "1,2";
				TEST_TARGET_NAME = Alelo;
			};
			name = Debug;
		};
		F8141E332B1F568D00DC7564 /* Release */ = {
			isa = XCBuildConfiguration;
			buildSettings = {
				ALWAYS_EMBED_SWIFT_STANDARD_LIBRARIES = YES;
				CODE_SIGN_STYLE = Automatic;
				CURRENT_PROJECT_VERSION = 1;
				GENERATE_INFOPLIST_FILE = YES;
				MARKETING_VERSION = 1.0;
				PRODUCT_BUNDLE_IDENTIFIER = com.nikolas.AleloUITests;
				PRODUCT_NAME = "$(TARGET_NAME)";
				SWIFT_EMIT_LOC_STRINGS = NO;
				SWIFT_VERSION = 5.0;
				TARGETED_DEVICE_FAMILY = "1,2";
				TEST_TARGET_NAME = Alelo;
			};
			name = Release;
		};
/* End XCBuildConfiguration section */

/* Begin XCConfigurationList section */
		F8141E022B1F568C00DC7564 /* Build configuration list for PBXProject "Alelo" */ = {
			isa = XCConfigurationList;
			buildConfigurations = (
				F8141E292B1F568D00DC7564 /* Debug */,
				F8141E2A2B1F568D00DC7564 /* Release */,
			);
			defaultConfigurationIsVisible = 0;
			defaultConfigurationName = Release;
		};
		F8141E2B2B1F568D00DC7564 /* Build configuration list for PBXNativeTarget "Alelo" */ = {
			isa = XCConfigurationList;
			buildConfigurations = (
				F8141E2C2B1F568D00DC7564 /* Debug */,
				F8141E2D2B1F568D00DC7564 /* Release */,
			);
			defaultConfigurationIsVisible = 0;
			defaultConfigurationName = Release;
		};
		F8141E2E2B1F568D00DC7564 /* Build configuration list for PBXNativeTarget "AleloTests" */ = {
			isa = XCConfigurationList;
			buildConfigurations = (
				F8141E2F2B1F568D00DC7564 /* Debug */,
				F8141E302B1F568D00DC7564 /* Release */,
			);
			defaultConfigurationIsVisible = 0;
			defaultConfigurationName = Release;
		};
		F8141E312B1F568D00DC7564 /* Build configuration list for PBXNativeTarget "AleloUITests" */ = {
			isa = XCConfigurationList;
			buildConfigurations = (
				F8141E322B1F568D00DC7564 /* Debug */,
				F8141E332B1F568D00DC7564 /* Release */,
			);
			defaultConfigurationIsVisible = 0;
			defaultConfigurationName = Release;
		};
/* End XCConfigurationList section */
	};
	rootObject = F8141DFF2B1F568C00DC7564 /* Project object */;
}
